
Microsoft Visual Studio Solution File, Format Version 12.00
# Visual Studio Version 17
VisualStudioVersion = 17.1.32319.34
MinimumVisualStudioVersion = 10.0.40219.1
Project("{2150E333-8FDC-42A3-9474-1A3956D46DE8}") = "src", "src", "{89A0AC9E-F0E7-4D2B-B449-0796B788EA31}"
EndProject
Project("{9A19103F-16F7-4668-BE54-9A1E7A4F7556}") = "Cigit", "src\Cigit\Cigit.csproj", "{A2D61A9A-3B3B-486C-A9F1-3D5310A7D85F}"
EndProject
Project("{9A19103F-16F7-4668-BE54-9A1E7A4F7556}") = "Cigit.NetCore", "src\Cigit.NetCore\Cigit.NetCore.csproj", "{BF576F26-382D-4D47-A4E8-75FF1E710144}"
EndProject
Project("{9A19103F-16F7-4668-BE54-9A1E7A4F7556}") = "Cigit.GitHub", "src\Cigit.GitHub\Cigit.GitHub.csproj", "{B4E85BA9-8D4B-4EA3-9700-DED1FEE74254}"
EndProject
Project("{9A19103F-16F7-4668-BE54-9A1E7A4F7556}") = "Cigit.Project", "src\Cigit.Project\Cigit.Project.csproj", "{5911FF42-EBF1-48DD-93AA-7C0725B244D5}"
EndProject
Project("{2150E333-8FDC-42A3-9474-1A3956D46DE8}") = "tests", "tests", "{E615E3EF-B34A-44CF-B6E0-DAE5BB9A27BB}"
EndProject
Project("{9A19103F-16F7-4668-BE54-9A1E7A4F7556}") = "WinFormsControlTest", "tests\WinFormsControlTest\WinFormsControlTest.csproj", "{A15DA2CB-C5D9-4424-B424-92CD9395B3A0}"
EndProject
Project("{9A19103F-16F7-4668-BE54-9A1E7A4F7556}") = "Cigit.Utils", "src\Cigit.Utils\Cigit.Utils.csproj", "{6DCBD5DC-FE66-46C4-AD2E-A4E2FBD9130A}"
EndProject
Global
	GlobalSection(SolutionConfigurationPlatforms) = preSolution
		Debug|Any CPU = Debug|Any CPU
		Release|Any CPU = Release|Any CPU
	EndGlobalSection
	GlobalSection(ProjectConfigurationPlatforms) = postSolution
		{A2D61A9A-3B3B-486C-A9F1-3D5310A7D85F}.Debug|Any CPU.ActiveCfg = Debug|Any CPU
		{A2D61A9A-3B3B-486C-A9F1-3D5310A7D85F}.Debug|Any CPU.Build.0 = Debug|Any CPU
		{A2D61A9A-3B3B-486C-A9F1-3D5310A7D85F}.Release|Any CPU.ActiveCfg = Release|Any CPU
		{A2D61A9A-3B3B-486C-A9F1-3D5310A7D85F}.Release|Any CPU.Build.0 = Release|Any CPU
		{BF576F26-382D-4D47-A4E8-75FF1E710144}.Debug|Any CPU.ActiveCfg = Debug|Any CPU
		{BF576F26-382D-4D47-A4E8-75FF1E710144}.Debug|Any CPU.Build.0 = Debug|Any CPU
		{BF576F26-382D-4D47-A4E8-75FF1E710144}.Release|Any CPU.ActiveCfg = Release|Any CPU
		{BF576F26-382D-4D47-A4E8-75FF1E710144}.Release|Any CPU.Build.0 = Release|Any CPU
		{B4E85BA9-8D4B-4EA3-9700-DED1FEE74254}.Debug|Any CPU.ActiveCfg = Debug|Any CPU
		{B4E85BA9-8D4B-4EA3-9700-DED1FEE74254}.Debug|Any CPU.Build.0 = Debug|Any CPU
		{B4E85BA9-8D4B-4EA3-9700-DED1FEE74254}.Release|Any CPU.ActiveCfg = Release|Any CPU
		{B4E85BA9-8D4B-4EA3-9700-DED1FEE74254}.Release|Any CPU.Build.0 = Release|Any CPU
		{5911FF42-EBF1-48DD-93AA-7C0725B244D5}.Debug|Any CPU.ActiveCfg = Debug|Any CPU
		{5911FF42-EBF1-48DD-93AA-7C0725B244D5}.Debug|Any CPU.Build.0 = Debug|Any CPU
		{5911FF42-EBF1-48DD-93AA-7C0725B244D5}.Release|Any CPU.ActiveCfg = Release|Any CPU
		{5911FF42-EBF1-48DD-93AA-7C0725B244D5}.Release|Any CPU.Build.0 = Release|Any CPU
		{A15DA2CB-C5D9-4424-B424-92CD9395B3A0}.Debug|Any CPU.ActiveCfg = Debug|Any CPU
		{A15DA2CB-C5D9-4424-B424-92CD9395B3A0}.Debug|Any CPU.Build.0 = Debug|Any CPU
		{A15DA2CB-C5D9-4424-B424-92CD9395B3A0}.Release|Any CPU.ActiveCfg = Release|Any CPU
		{A15DA2CB-C5D9-4424-B424-92CD9395B3A0}.Release|Any CPU.Build.0 = Release|Any CPU
		{6DCBD5DC-FE66-46C4-AD2E-A4E2FBD9130A}.Debug|Any CPU.ActiveCfg = Debug|Any CPU
		{6DCBD5DC-FE66-46C4-AD2E-A4E2FBD9130A}.Debug|Any CPU.Build.0 = Debug|Any CPU
		{6DCBD5DC-FE66-46C4-AD2E-A4E2FBD9130A}.Release|Any CPU.ActiveCfg = Release|Any CPU
		{6DCBD5DC-FE66-46C4-AD2E-A4E2FBD9130A}.Release|Any CPU.Build.0 = Release|Any CPU
	EndGlobalSection
	GlobalSection(SolutionProperties) = preSolution
		HideSolutionNode = FALSE
	EndGlobalSection
	GlobalSection(NestedProjects) = preSolution
		{A2D61A9A-3B3B-486C-A9F1-3D5310A7D85F} = {89A0AC9E-F0E7-4D2B-B449-0796B788EA31}
		{BF576F26-382D-4D47-A4E8-75FF1E710144} = {89A0AC9E-F0E7-4D2B-B449-0796B788EA31}
		{B4E85BA9-8D4B-4EA3-9700-DED1FEE74254} = {89A0AC9E-F0E7-4D2B-B449-0796B788EA31}
		{5911FF42-EBF1-48DD-93AA-7C0725B244D5} = {89A0AC9E-F0E7-4D2B-B449-0796B788EA31}
		{A15DA2CB-C5D9-4424-B424-92CD9395B3A0} = {E615E3EF-B34A-44CF-B6E0-DAE5BB9A27BB}
		{6DCBD5DC-FE66-46C4-AD2E-A4E2FBD9130A} = {89A0AC9E-F0E7-4D2B-B449-0796B788EA31}
	EndGlobalSection
	GlobalSection(ExtensibilityGlobals) = postSolution
		SolutionGuid = {AC82500E-3914-4C0E-8F12-C9140EA3C079}
	EndGlobalSection
EndGlobal
