
Microsoft Visual Studio Solution File, Format Version 12.00
# Visual Studio Version 17
VisualStudioVersion = 17.1.32319.34
MinimumVisualStudioVersion = 10.0.40219.1
Project("{2150E333-8FDC-42A3-9474-1A3956D46DE8}") = "src", "src", "{89A0AC9E-F0E7-4D2B-B449-0796B788EA31}"
EndProject
Project("{FAE04EC0-301F-11D3-BF4B-00C04F79EFBC}") = "Cigit", "Cigit\Cigit.csproj", "{A2D61A9A-3B3B-486C-A9F1-3D5310A7D85F}"
EndProject
Project("{FAE04EC0-301F-11D3-BF4B-00C04F79EFBC}") = "Cigit.NetCore", "Cigit.NetCore\Cigit.NetCore.csproj", "{BF576F26-382D-4D47-A4E8-75FF1E710144}"
EndProject
Project("{FAE04EC0-301F-11D3-BF4B-00C04F79EFBC}") = "Cigit.GitHub", "Cigit.GitHub\Cigit.GitHub.csproj", "{B4E85BA9-8D4B-4EA3-9700-DED1FEE74254}"
EndProject
Global
	GlobalSection(SolutionConfigurationPlatforms) = preSolution
		Debug|Any CPU = Debug|Any CPU
		Release|Any CPU = Release|Any CPU
	EndGlobalSection
	GlobalSection(ProjectConfigurationPlatforms) = postSolution
		{A2D61A9A-3B3B-486C-A9F1-3D5310A7D85F}.Debug|Any CPU.ActiveCfg = Debug|Any CPU
		{A2D61A9A-3B3B-486C-A9F1-3D5310A7D85F}.Debug|Any CPU.Build.0 = Debug|Any CPU
		{A2D61A9A-3B3B-486C-A9F1-3D5310A7D85F}.Release|Any CPU.ActiveCfg = Release|Any CPU
		{A2D61A9A-3B3B-486C-A9F1-3D5310A7D85F}.Release|Any CPU.Build.0 = Release|Any CPU
		{BF576F26-382D-4D47-A4E8-75FF1E710144}.Debug|Any CPU.ActiveCfg = Debug|Any CPU
		{BF576F26-382D-4D47-A4E8-75FF1E710144}.Debug|Any CPU.Build.0 = Debug|Any CPU
		{BF576F26-382D-4D47-A4E8-75FF1E710144}.Release|Any CPU.ActiveCfg = Release|Any CPU
		{BF576F26-382D-4D47-A4E8-75FF1E710144}.Release|Any CPU.Build.0 = Release|Any CPU
		{B4E85BA9-8D4B-4EA3-9700-DED1FEE74254}.Debug|Any CPU.ActiveCfg = Debug|Any CPU
		{B4E85BA9-8D4B-4EA3-9700-DED1FEE74254}.Debug|Any CPU.Build.0 = Debug|Any CPU
		{B4E85BA9-8D4B-4EA3-9700-DED1FEE74254}.Release|Any CPU.ActiveCfg = Release|Any CPU
		{B4E85BA9-8D4B-4EA3-9700-DED1FEE74254}.Release|Any CPU.Build.0 = Release|Any CPU
	EndGlobalSection
	GlobalSection(SolutionProperties) = preSolution
		HideSolutionNode = FALSE
	EndGlobalSection
	GlobalSection(NestedProjects) = preSolution
		{A2D61A9A-3B3B-486C-A9F1-3D5310A7D85F} = {89A0AC9E-F0E7-4D2B-B449-0796B788EA31}
		{BF576F26-382D-4D47-A4E8-75FF1E710144} = {89A0AC9E-F0E7-4D2B-B449-0796B788EA31}
		{B4E85BA9-8D4B-4EA3-9700-DED1FEE74254} = {89A0AC9E-F0E7-4D2B-B449-0796B788EA31}
	EndGlobalSection
	GlobalSection(ExtensibilityGlobals) = postSolution
		SolutionGuid = {AC82500E-3914-4C0E-8F12-C9140EA3C079}
	EndGlobalSection
EndGlobal
